<?xml version="1.0" encoding="utf-8"?>
<Project ToolsVersion="4.0" xmlns="http://schemas.microsoft.com/developer/msbuild/2003">
  <ItemGroup>
    <Filter Include="Source Files">
      <UniqueIdentifier>{4FC737F1-C7A5-4376-A066-2A32D752A2FF}</UniqueIdentifier>
      <Extensions>cpp;c;cc;cxx;c++;cppm;ixx;def;odl;idl;hpj;bat;asm;asmx</Extensions>
    </Filter>
    <Filter Include="Header Files">
      <UniqueIdentifier>{93995380-89BD-4b04-88EB-625FBE52EBFB}</UniqueIdentifier>
      <Extensions>h;hh;hpp;hxx;h++;hm;inl;inc;ipp;xsd</Extensions>
    </Filter>
    <Filter Include="Resource Files">
      <UniqueIdentifier>{67DA6AB6-F800-4c08-8B7A-83BB121AAD01}</UniqueIdentifier>
      <Extensions>rc;ico;cur;bmp;dlg;rc2;rct;bin;rgs;gif;jpg;jpeg;jpe;resx;tiff;tif;png;wav;mfcribbon-ms</Extensions>
    </Filter>
    <Filter Include="Header Files\puxer">
      <UniqueIdentifier>{fb7606c5-7d8b-4b1e-b896-fc30145cdf7a}</UniqueIdentifier>
    </Filter>
    <Filter Include="Source Files\puxer">
      <UniqueIdentifier>{d1d6b95c-1097-45a5-b41a-1c680dee5a18}</UniqueIdentifier>
    </Filter>
    <Filter Include="Source Files\pukser">
      <UniqueIdentifier>{7e9a1e59-f186-470c-92bd-cf3c6537f1f7}</UniqueIdentifier>
    </Filter>
    <Filter Include="Header Files\pukser">
      <UniqueIdentifier>{85ac43a6-2ab6-427a-b086-461bf9b87e7b}</UniqueIdentifier>
    </Filter>
  </ItemGroup>
  <ItemGroup>
    <ClCompile Include="main.cpp">
      <Filter>Source Files</Filter>
    </ClCompile>
    <ClCompile Include="Puxer.cpp">
      <Filter>Source Files\puxer</Filter>
    </ClCompile>
    <ClCompile Include="puk_scope.cpp">
      <Filter>Source Files\puxer</Filter>
    </ClCompile>
    <ClCompile Include="PuxerCyclicList.cpp">
      <Filter>Source Files\puxer</Filter>
    </ClCompile>
    <ClCompile Include="pukser.cpp">
      <Filter>Source Files\pukser</Filter>
    </ClCompile>
    <ClCompile Include="pukser_helper_func.cpp">
      <Filter>Source Files\pukser</Filter>
    </ClCompile>
  </ItemGroup>
  <ItemGroup>
    <ClInclude Include="Puxer.h">
      <Filter>Header Files\puxer</Filter>
    </ClInclude>
    <ClInclude Include="puk_scope.h">
      <Filter>Header Files\puxer</Filter>
    </ClInclude>
    <ClInclude Include="puxer_helper_defs.h">
      <Filter>Header Files\puxer</Filter>
    </ClInclude>
    <ClInclude Include="PuxerTokenResponse.h">
      <Filter>Header Files\puxer</Filter>
    </ClInclude>
    <ClInclude Include="PuxerCyclicList.h">
      <Filter>Header Files\puxer</Filter>
    </ClInclude>
    <ClInclude Include="PukserASTNodesDef.h">
      <Filter>Header Files\pukser</Filter>
    </ClInclude>
    <ClInclude Include="pukser.hpp">
      <Filter>Header Files\pukser</Filter>
    </ClInclude>
    <ClInclude Include="pukser_helper_func.h">
      <Filter>Header Files\pukser</Filter>
    </ClInclude>
  </ItemGroup>
</Project>